
Microsoft Visual Studio Solution File, Format Version 12.00
# Visual Studio Version 16
VisualStudioVersion = 16.0.30002.166
MinimumVisualStudioVersion = 10.0.40219.1
Project("{9A19103F-16F7-4668-BE54-9A1E7A4F7556}") = "Shapes", "Shapes\Shapes.csproj", "{2B3E6E9E-F8D0-4A3D-BA4E-BBAB6411F4EE}"
EndProject
Project("{FAE04EC0-301F-11D3-BF4B-00C04F79EFBC}") = "ShapesVirtual", "ShapesVirtual\ShapesVirtual.csproj", "{9EDB1AE1-A117-4AAA-994B-4C7351D3684C}"
EndProject
Project("{FAE04EC0-301F-11D3-BF4B-00C04F79EFBC}") = "ShapesNew", "ShapesNew\ShapesNew.csproj", "{836E693E-F818-43D9-97FF-F6139F3046B1}"
EndProject
Global
	GlobalSection(SolutionConfigurationPlatforms) = preSolution
		Debug|Any CPU = Debug|Any CPU
		Release|Any CPU = Release|Any CPU
	EndGlobalSection
	GlobalSection(ProjectConfigurationPlatforms) = postSolution
		{2B3E6E9E-F8D0-4A3D-BA4E-BBAB6411F4EE}.Debug|Any CPU.ActiveCfg = Debug|Any CPU
		{2B3E6E9E-F8D0-4A3D-BA4E-BBAB6411F4EE}.Debug|Any CPU.Build.0 = Debug|Any CPU
		{2B3E6E9E-F8D0-4A3D-BA4E-BBAB6411F4EE}.Release|Any CPU.ActiveCfg = Release|Any CPU
		{2B3E6E9E-F8D0-4A3D-BA4E-BBAB6411F4EE}.Release|Any CPU.Build.0 = Release|Any CPU
		{9EDB1AE1-A117-4AAA-994B-4C7351D3684C}.Debug|Any CPU.ActiveCfg = Debug|Any CPU
		{9EDB1AE1-A117-4AAA-994B-4C7351D3684C}.Debug|Any CPU.Build.0 = Debug|Any CPU
		{9EDB1AE1-A117-4AAA-994B-4C7351D3684C}.Release|Any CPU.ActiveCfg = Release|Any CPU
		{9EDB1AE1-A117-4AAA-994B-4C7351D3684C}.Release|Any CPU.Build.0 = Release|Any CPU
		{836E693E-F818-43D9-97FF-F6139F3046B1}.Debug|Any CPU.ActiveCfg = Debug|Any CPU
		{836E693E-F818-43D9-97FF-F6139F3046B1}.Debug|Any CPU.Build.0 = Debug|Any CPU
		{836E693E-F818-43D9-97FF-F6139F3046B1}.Release|Any CPU.ActiveCfg = Release|Any CPU
		{836E693E-F818-43D9-97FF-F6139F3046B1}.Release|Any CPU.Build.0 = Release|Any CPU
	EndGlobalSection
	GlobalSection(SolutionProperties) = preSolution
		HideSolutionNode = FALSE
	EndGlobalSection
	GlobalSection(ExtensibilityGlobals) = postSolution
		SolutionGuid = {C75A3C84-7B27-4417-88D9-3F3E6767AAE8}
	EndGlobalSection
EndGlobal
